Microsoft Visual Studio Solution File, Format Version 12.00
# Visual Studio Version 17
VisualStudioVersion = 17.12.35707.178 d17.12
MinimumVisualStudioVersion = 10.0.40219.1
Project("{9A19103F-16F7-4668-BE54-9A1E7A4F7556}") = "AzureSearchCrawler", "AzureSearchCrawler\AzureSearchCrawler.csproj", "{8BD6CCF3-572D-4FD1-BEC3-B7C54089C278}"
EndProject
Project("{FAE04EC0-301F-11D3-BF4B-00C04F79EFBC}") = "AzureSearchCrawler.Tests", "AzureSearchCrawler.Tests\AzureSearchCrawler.Tests.csproj", "{1074CE24-8BC0-4F79-A949-8EB23301A758}"
EndProject
Project("{FAE04EC0-301F-11D3-BF4B-00C04F79EFBC}") = "AzureSearchCrawler.IntegrationTests", "AzureSearchCrawler.IntegrationTests\AzureSearchCrawler.IntegrationTests.csproj", "{B59FC675-3FE3-426B-804C-EC58DA3BE80F}"
EndProject
Project("{FAE04EC0-301F-11D3-BF4B-00C04F79EFBC}") = "AzureSearchCrawler.TestUtilities", "AzureSearchCrawler.TestUtilities\AzureSearchCrawler.TestUtilities.csproj", "{E2290F96-4AEA-4F14-AD0A-C93DF66665FF}"
EndProject
Global
	GlobalSection(SolutionConfigurationPlatforms) = preSolution
		Debug|Any CPU = Debug|Any CPU
		Release|Any CPU = Release|Any CPU
	EndGlobalSection
	GlobalSection(ProjectConfigurationPlatforms) = postSolution
		{8BD6CCF3-572D-4FD1-BEC3-B7C54089C278}.Debug|Any CPU.ActiveCfg = Debug|Any CPU
		{8BD6CCF3-572D-4FD1-BEC3-B7C54089C278}.Debug|Any CPU.Build.0 = Debug|Any CPU
		{8BD6CCF3-572D-4FD1-BEC3-B7C54089C278}.Release|Any CPU.ActiveCfg = Release|Any CPU
		{8BD6CCF3-572D-4FD1-BEC3-B7C54089C278}.Release|Any CPU.Build.0 = Release|Any CPU
		{1074CE24-8BC0-4F79-A949-8EB23301A758}.Debug|Any CPU.ActiveCfg = Debug|Any CPU
		{1074CE24-8BC0-4F79-A949-8EB23301A758}.Debug|Any CPU.Build.0 = Debug|Any CPU
		{1074CE24-8BC0-4F79-A949-8EB23301A758}.Release|Any CPU.ActiveCfg = Release|Any CPU
		{1074CE24-8BC0-4F79-A949-8EB23301A758}.Release|Any CPU.Build.0 = Release|Any CPU
		{B59FC675-3FE3-426B-804C-EC58DA3BE80F}.Debug|Any CPU.ActiveCfg = Debug|Any CPU
		{B59FC675-3FE3-426B-804C-EC58DA3BE80F}.Debug|Any CPU.Build.0 = Debug|Any CPU
		{B59FC675-3FE3-426B-804C-EC58DA3BE80F}.Release|Any CPU.ActiveCfg = Release|Any CPU
		{B59FC675-3FE3-426B-804C-EC58DA3BE80F}.Release|Any CPU.Build.0 = Release|Any CPU
		{E2290F96-4AEA-4F14-AD0A-C93DF66665FF}.Debug|Any CPU.ActiveCfg = Debug|Any CPU
		{E2290F96-4AEA-4F14-AD0A-C93DF66665FF}.Debug|Any CPU.Build.0 = Debug|Any CPU
		{E2290F96-4AEA-4F14-AD0A-C93DF66665FF}.Release|Any CPU.ActiveCfg = Release|Any CPU
		{E2290F96-4AEA-4F14-AD0A-C93DF66665FF}.Release|Any CPU.Build.0 = Release|Any CPU
	EndGlobalSection
	GlobalSection(SolutionProperties) = preSolution
		HideSolutionNode = FALSE
	EndGlobalSection
EndGlobal
